
Microsoft Visual Studio Solution File, Format Version 12.00
# Visual Studio Version 17
VisualStudioVersion = 17.2.32616.157
MinimumVisualStudioVersion = 10.0.40219.1
Project("{8BC9CEB8-8B4A-11D0-8D11-00A0C91BC942}") = "DirectXGameEngine", "DirectXGameEngine\DirectXGameEngine.vcxproj", "{CC3A2DA4-E3CE-4959-883C-A2FD8684E4B5}"
EndProject
Project("{8BC9CEB8-8B4A-11D0-8D11-00A0C91BC942}") = "lab1", "lab1\lab1.vcxproj", "{D17A75C3-1802-4581-9072-2BC63A840BD0}"
EndProject
Global
	GlobalSection(SolutionConfigurationPlatforms) = preSolution
		Debug|x64 = Debug|x64
		Debug|x86 = Debug|x86
		Release|x64 = Release|x64
		Release|x86 = Release|x86
	EndGlobalSection
	GlobalSection(ProjectConfigurationPlatforms) = postSolution
		{CC3A2DA4-E3CE-4959-883C-A2FD8684E4B5}.Debug|x64.ActiveCfg = Debug|x64
		{CC3A2DA4-E3CE-4959-883C-A2FD8684E4B5}.Debug|x64.Build.0 = Debug|x64
		{CC3A2DA4-E3CE-4959-883C-A2FD8684E4B5}.Debug|x86.ActiveCfg = Debug|Win32
		{CC3A2DA4-E3CE-4959-883C-A2FD8684E4B5}.Debug|x86.Build.0 = Debug|Win32
		{CC3A2DA4-E3CE-4959-883C-A2FD8684E4B5}.Release|x64.ActiveCfg = Release|x64
		{CC3A2DA4-E3CE-4959-883C-A2FD8684E4B5}.Release|x64.Build.0 = Release|x64
		{CC3A2DA4-E3CE-4959-883C-A2FD8684E4B5}.Release|x86.ActiveCfg = Release|Win32
		{CC3A2DA4-E3CE-4959-883C-A2FD8684E4B5}.Release|x86.Build.0 = Release|Win32
		{D17A75C3-1802-4581-9072-2BC63A840BD0}.Debug|x64.ActiveCfg = Debug|x64
		{D17A75C3-1802-4581-9072-2BC63A840BD0}.Debug|x64.Build.0 = Debug|x64
		{D17A75C3-1802-4581-9072-2BC63A840BD0}.Debug|x86.ActiveCfg = Debug|Win32
		{D17A75C3-1802-4581-9072-2BC63A840BD0}.Debug|x86.Build.0 = Debug|Win32
		{D17A75C3-1802-4581-9072-2BC63A840BD0}.Release|x64.ActiveCfg = Release|x64
		{D17A75C3-1802-4581-9072-2BC63A840BD0}.Release|x64.Build.0 = Release|x64
		{D17A75C3-1802-4581-9072-2BC63A840BD0}.Release|x86.ActiveCfg = Release|Win32
		{D17A75C3-1802-4581-9072-2BC63A840BD0}.Release|x86.Build.0 = Release|Win32
	EndGlobalSection
	GlobalSection(SolutionProperties) = preSolution
		HideSolutionNode = FALSE
	EndGlobalSection
	GlobalSection(ExtensibilityGlobals) = postSolution
		SolutionGuid = {B7E37323-09C6-4DC0-B71B-982B0D951916}
	EndGlobalSection
EndGlobal
