<?xml version="1.0" encoding="utf-8"?>
<Project ToolsVersion="4.0" xmlns="http://schemas.microsoft.com/developer/msbuild/2003">
  <ItemGroup>
    <Filter Include="Файлы ресурсов">
      <UniqueIdentifier>{67DA6AB6-F800-4c08-8B7A-83BB121AAD01}</UniqueIdentifier>
      <Extensions>rc;ico;cur;bmp;dlg;rc2;rct;bin;rgs;gif;jpg;jpeg;jpe;resx;tiff;tif;png;wav;mfcribbon-ms</Extensions>
    </Filter>
    <Filter Include="Source Files">
      <UniqueIdentifier>{4FC737F1-C7A5-4376-A066-2A32D752A2FF}</UniqueIdentifier>
      <Extensions>cpp;c;cc;cxx;c++;cppm;ixx;def;odl;idl;hpj;bat;asm;asmx</Extensions>
    </Filter>
    <Filter Include="Source Files\Keyboard">
      <UniqueIdentifier>{f21edfe1-a054-42eb-ae00-8f4171fcb983}</UniqueIdentifier>
    </Filter>
    <Filter Include="Source Files\Mouse">
      <UniqueIdentifier>{e5e32200-e9bb-42f1-97d5-4bce87cf5a0f}</UniqueIdentifier>
    </Filter>
    <Filter Include="Source Files\Graphics">
      <UniqueIdentifier>{3c60c440-0794-4e9d-8b77-c764c6c0640c}</UniqueIdentifier>
    </Filter>
    <Filter Include="Header Files">
      <UniqueIdentifier>{93995380-89BD-4b04-88EB-625FBE52EBFB}</UniqueIdentifier>
      <Extensions>h;hh;hpp;hxx;h++;hm;inl;inc;ipp;xsd</Extensions>
    </Filter>
    <Filter Include="Header Files\Keyboard">
      <UniqueIdentifier>{b4f0f85e-db8e-46f3-8ffc-05df092d873e}</UniqueIdentifier>
    </Filter>
    <Filter Include="Header Files\Mouse">
      <UniqueIdentifier>{4cef7abc-c2c5-47fe-94e1-2b34463fd497}</UniqueIdentifier>
    </Filter>
    <Filter Include="Header Files\Graphics">
      <UniqueIdentifier>{279a87ae-e682-4913-b72b-cc368c976be5}</UniqueIdentifier>
    </Filter>
    <Filter Include="Header Files\Graphics\ImGui">
      <UniqueIdentifier>{0eec0acf-e576-47e0-8b44-0cf533094214}</UniqueIdentifier>
    </Filter>
    <Filter Include="Source Files\Graphics\ImGui">
      <UniqueIdentifier>{b133962b-a5f2-4a36-96de-f360df20a437}</UniqueIdentifier>
    </Filter>
  </ItemGroup>
  <ItemGroup>
    <ClCompile Include="Source.cpp">
      <Filter>Source Files</Filter>
    </ClCompile>
    <ClCompile Include="StringConverter.cpp">
      <Filter>Source Files</Filter>
    </ClCompile>
    <ClCompile Include="ErrorLogger.cpp">
      <Filter>Source Files</Filter>
    </ClCompile>
    <ClCompile Include="RenderWindow.cpp">
      <Filter>Source Files</Filter>
    </ClCompile>
    <ClCompile Include="Engine.cpp">
      <Filter>Source Files</Filter>
    </ClCompile>
    <ClCompile Include="WindowContainer.cpp">
      <Filter>Source Files</Filter>
    </ClCompile>
    <ClCompile Include="Keyboard\KeyboardEvent.cpp">
      <Filter>Source Files\Keyboard</Filter>
    </ClCompile>
    <ClCompile Include="Keyboard\KeyboardClass.cpp">
      <Filter>Source Files\Keyboard</Filter>
    </ClCompile>
    <ClCompile Include="Mouse\MouseClass.cpp">
      <Filter>Source Files\Mouse</Filter>
    </ClCompile>
    <ClCompile Include="Mouse\MouseEvent.cpp">
      <Filter>Source Files\Mouse</Filter>
    </ClCompile>
    <ClCompile Include="Graphics\Graphics.cpp">
      <Filter>Source Files\Graphics</Filter>
    </ClCompile>
    <ClCompile Include="Graphics\AdapterReader.cpp">
      <Filter>Source Files\Graphics</Filter>
    </ClCompile>
    <ClCompile Include="Graphics\Shaders.cpp">
      <Filter>Source Files\Graphics</Filter>
    </ClCompile>
    <ClCompile Include="Graphics\Camera.cpp">
      <Filter>Source Files\Graphics</Filter>
    </ClCompile>
    <ClCompile Include="Timer.cpp">
      <Filter>Header Files</Filter>
    </ClCompile>
    <ClCompile Include="Graphics\ImGui\imgui.cpp">
      <Filter>Source Files\Graphics\ImGui</Filter>
    </ClCompile>
    <ClCompile Include="Graphics\ImGui\imgui_demo.cpp">
      <Filter>Source Files\Graphics\ImGui</Filter>
    </ClCompile>
    <ClCompile Include="Graphics\ImGui\imgui_draw.cpp">
      <Filter>Source Files\Graphics\ImGui</Filter>
    </ClCompile>
    <ClCompile Include="Graphics\ImGui\imgui_impl_dx11.cpp">
      <Filter>Source Files\Graphics\ImGui</Filter>
    </ClCompile>
    <ClCompile Include="Graphics\ImGui\imgui_impl_win32.cpp">
      <Filter>Source Files\Graphics\ImGui</Filter>
    </ClCompile>
    <ClCompile Include="Graphics\ImGui\imgui_tables.cpp">
      <Filter>Source Files\Graphics\ImGui</Filter>
    </ClCompile>
    <ClCompile Include="Graphics\ImGui\imgui_widgets.cpp">
      <Filter>Source Files\Graphics\ImGui</Filter>
    </ClCompile>
  </ItemGroup>
  <ItemGroup>
    <ClInclude Include="ErrorLogger.h">
      <Filter>Header Files</Filter>
    </ClInclude>
    <ClInclude Include="StringConverter.h">
      <Filter>Header Files</Filter>
    </ClInclude>
    <ClInclude Include="RenderWindow.h">
      <Filter>Header Files</Filter>
    </ClInclude>
    <ClInclude Include="Engine.h">
      <Filter>Header Files</Filter>
    </ClInclude>
    <ClInclude Include="WindowContainer.h">
      <Filter>Header Files</Filter>
    </ClInclude>
    <ClInclude Include="Keyboard\KeyboardEvent.h">
      <Filter>Header Files\Keyboard</Filter>
    </ClInclude>
    <ClInclude Include="Keyboard\KeyboardClass.h">
      <Filter>Header Files\Keyboard</Filter>
    </ClInclude>
    <ClInclude Include="Mouse\MouseClass.h">
      <Filter>Header Files\Mouse</Filter>
    </ClInclude>
    <ClInclude Include="Mouse\MouseEvent.h">
      <Filter>Header Files\Mouse</Filter>
    </ClInclude>
    <ClInclude Include="Graphics\Graphics.h">
      <Filter>Header Files\Graphics</Filter>
    </ClInclude>
    <ClInclude Include="Graphics\AdapterReader.h">
      <Filter>Header Files\Graphics</Filter>
    </ClInclude>
    <ClInclude Include="Graphics\Vertex.h">
      <Filter>Header Files\Graphics</Filter>
    </ClInclude>
    <ClInclude Include="Graphics\Shaders.h">
      <Filter>Header Files\Graphics</Filter>
    </ClInclude>
    <ClInclude Include="Graphics\VertexBuffer.h">
      <Filter>Header Files\Graphics</Filter>
    </ClInclude>
    <ClInclude Include="Graphics\IndexBuffer.h">
      <Filter>Header Files\Graphics</Filter>
    </ClInclude>
    <ClInclude Include="Graphics\ConstantBufferTypes.h">
      <Filter>Header Files\Graphics</Filter>
    </ClInclude>
    <ClInclude Include="Graphics\ConstantBuffer.h">
      <Filter>Header Files\Graphics</Filter>
    </ClInclude>
    <ClInclude Include="Graphics\Camera.h">
      <Filter>Header Files\Graphics</Filter>
    </ClInclude>
    <ClInclude Include="Timer.h">
      <Filter>Header Files</Filter>
    </ClInclude>
    <ClInclude Include="Graphics\ImGui\imconfig.h">
      <Filter>Header Files\Graphics\ImGui</Filter>
    </ClInclude>
    <ClInclude Include="Graphics\ImGui\imgui.h">
      <Filter>Header Files\Graphics\ImGui</Filter>
    </ClInclude>
    <ClInclude Include="Graphics\ImGui\imgui_impl_dx11.h">
      <Filter>Header Files\Graphics\ImGui</Filter>
    </ClInclude>
    <ClInclude Include="Graphics\ImGui\imgui_impl_win32.h">
      <Filter>Header Files\Graphics\ImGui</Filter>
    </ClInclude>
    <ClInclude Include="Graphics\ImGui\imgui_internal.h">
      <Filter>Header Files\Graphics\ImGui</Filter>
    </ClInclude>
    <ClInclude Include="Graphics\ImGui\imstb_rectpack.h">
      <Filter>Header Files\Graphics\ImGui</Filter>
    </ClInclude>
    <ClInclude Include="Graphics\ImGui\imstb_textedit.h">
      <Filter>Header Files\Graphics\ImGui</Filter>
    </ClInclude>
    <ClInclude Include="Graphics\ImGui\imstb_truetype.h">
      <Filter>Header Files\Graphics\ImGui</Filter>
    </ClInclude>
  </ItemGroup>
  <ItemGroup>
    <FxCompile Include="VertexShader.hlsl">
      <Filter>Файлы ресурсов</Filter>
    </FxCompile>
    <FxCompile Include="PixelShader.hlsl">
      <Filter>Файлы ресурсов</Filter>
    </FxCompile>
  </ItemGroup>
  <ItemGroup>
    <None Include="imgui.ini">
      <Filter>Header Files\Graphics\ImGui</Filter>
    </None>
  </ItemGroup>
</Project>